
Microsoft Visual Studio Solution File, Format Version 12.00
# Visual Studio Version 17
VisualStudioVersion = 17.14.36109.1 d17.14
MinimumVisualStudioVersion = 10.0.40219.1
Project("{FAE04EC0-301F-11D3-BF4B-00C04F79EFBC}") = "OttoNew", "OttoNew.csproj", "{1500B950-8918-4258-9FAD-3DB037B11CA1}"
EndProject
Project("{FAE04EC0-301F-11D3-BF4B-00C04F79EFBC}") = "CoreSystem.DAL", "..\CoreSystem.DAL\CoreSystem.DAL.csproj", "{DE3190DD-7AA6-4067-9741-A5C9F6C51403}"
EndProject
Global
	GlobalSection(SolutionConfigurationPlatforms) = preSolution
		Debug|Any CPU = Debug|Any CPU
		Release|Any CPU = Release|Any CPU
	EndGlobalSection
	GlobalSection(ProjectConfigurationPlatforms) = postSolution
		{1500B950-8918-4258-9FAD-3DB037B11CA1}.Debug|Any CPU.ActiveCfg = Debug|Any CPU
		{1500B950-8918-4258-9FAD-3DB037B11CA1}.Debug|Any CPU.Build.0 = Debug|Any CPU
		{1500B950-8918-4258-9FAD-3DB037B11CA1}.Release|Any CPU.ActiveCfg = Release|Any CPU
		{1500B950-8918-4258-9FAD-3DB037B11CA1}.Release|Any CPU.Build.0 = Release|Any CPU
		{DE3190DD-7AA6-4067-9741-A5C9F6C51403}.Debug|Any CPU.ActiveCfg = Debug|Any CPU
		{DE3190DD-7AA6-4067-9741-A5C9F6C51403}.Debug|Any CPU.Build.0 = Debug|Any CPU
		{DE3190DD-7AA6-4067-9741-A5C9F6C51403}.Release|Any CPU.ActiveCfg = Release|Any CPU
		{DE3190DD-7AA6-4067-9741-A5C9F6C51403}.Release|Any CPU.Build.0 = Release|Any CPU
	EndGlobalSection
	GlobalSection(SolutionProperties) = preSolution
		HideSolutionNode = FALSE
	EndGlobalSection
	GlobalSection(ExtensibilityGlobals) = postSolution
		SolutionGuid = {93981A03-3CCA-44C3-8153-5B0E80CFD8B4}
	EndGlobalSection
EndGlobal
